
Microsoft Visual Studio Solution File, Format Version 12.00
Project("{2150E333-8FDC-42A3-9474-1A3956D46DE8}") = "SolutionItems", "SolutionItems", "{C26E0CC2-9BBD-485F-8235-34DE19D2F034}"
	ProjectSection(SolutionItems) = preProject
		..\README.md = ..\README.md
		..\.gitignore = ..\.gitignore
		Directory.Build.props = Directory.Build.props
	EndProjectSection
EndProject
Project("{FAE04EC0-301F-11D3-BF4B-00C04F79EFBC}") = "Base.Domain", "Base.Domain\Base.Domain.csproj", "{DEE20C84-8F4D-4C0E-9689-8BEE42947177}"
EndProject
Project("{FAE04EC0-301F-11D3-BF4B-00C04F79EFBC}") = "Base.Contracts.Domain", "Base.Contracts.Domain\Base.Contracts.Domain.csproj", "{6201024F-DF95-4DDB-8058-B8A831D85F38}"
EndProject
Project("{2150E333-8FDC-42A3-9474-1A3956D46DE8}") = "Base.Contracts", "Base.Contracts", "{70E57B0A-D695-4051-8995-67F4F9D276E8}"
EndProject
Project("{2150E333-8FDC-42A3-9474-1A3956D46DE8}") = "Base", "Base", "{CBA093DB-F88B-4BF9-9578-D6C7E348639E}"
EndProject
Global
	GlobalSection(SolutionConfigurationPlatforms) = preSolution
		Debug|Any CPU = Debug|Any CPU
		Release|Any CPU = Release|Any CPU
	EndGlobalSection
	GlobalSection(ProjectConfigurationPlatforms) = postSolution
		{DEE20C84-8F4D-4C0E-9689-8BEE42947177}.Debug|Any CPU.ActiveCfg = Debug|Any CPU
		{DEE20C84-8F4D-4C0E-9689-8BEE42947177}.Debug|Any CPU.Build.0 = Debug|Any CPU
		{DEE20C84-8F4D-4C0E-9689-8BEE42947177}.Release|Any CPU.ActiveCfg = Release|Any CPU
		{DEE20C84-8F4D-4C0E-9689-8BEE42947177}.Release|Any CPU.Build.0 = Release|Any CPU
		{6201024F-DF95-4DDB-8058-B8A831D85F38}.Debug|Any CPU.ActiveCfg = Debug|Any CPU
		{6201024F-DF95-4DDB-8058-B8A831D85F38}.Debug|Any CPU.Build.0 = Debug|Any CPU
		{6201024F-DF95-4DDB-8058-B8A831D85F38}.Release|Any CPU.ActiveCfg = Release|Any CPU
		{6201024F-DF95-4DDB-8058-B8A831D85F38}.Release|Any CPU.Build.0 = Release|Any CPU
	EndGlobalSection
	GlobalSection(NestedProjects) = preSolution
		{6201024F-DF95-4DDB-8058-B8A831D85F38} = {70E57B0A-D695-4051-8995-67F4F9D276E8}
		{DEE20C84-8F4D-4C0E-9689-8BEE42947177} = {CBA093DB-F88B-4BF9-9578-D6C7E348639E}
	EndGlobalSection
EndGlobal
