
Microsoft Visual Studio Solution File, Format Version 12.00
Project("{2150E333-8FDC-42A3-9474-1A3956D46DE8}") = "SolutionItems", "SolutionItems", "{C26E0CC2-9BBD-485F-8235-34DE19D2F034}"
	ProjectSection(SolutionItems) = preProject
		..\README.md = ..\README.md
		..\.gitignore = ..\.gitignore
		Directory.Build.props = Directory.Build.props
		UsefulCommands.txt = UsefulCommands.txt
	EndProjectSection
EndProject
Project("{FAE04EC0-301F-11D3-BF4B-00C04F79EFBC}") = "Base.Domain", "Base.Domain\Base.Domain.csproj", "{DEE20C84-8F4D-4C0E-9689-8BEE42947177}"
EndProject
Project("{FAE04EC0-301F-11D3-BF4B-00C04F79EFBC}") = "Base.Contracts.Domain", "Base.Contracts.Domain\Base.Contracts.Domain.csproj", "{6201024F-DF95-4DDB-8058-B8A831D85F38}"
EndProject
Project("{2150E333-8FDC-42A3-9474-1A3956D46DE8}") = "Base.Contracts", "Base.Contracts", "{70E57B0A-D695-4051-8995-67F4F9D276E8}"
EndProject
Project("{2150E333-8FDC-42A3-9474-1A3956D46DE8}") = "Base", "Base", "{CBA093DB-F88B-4BF9-9578-D6C7E348639E}"
EndProject
Project("{2150E333-8FDC-42A3-9474-1A3956D46DE8}") = "App", "App", "{9662A7A4-6166-47CC-8269-F99ED108AECF}"
EndProject
Project("{FAE04EC0-301F-11D3-BF4B-00C04F79EFBC}") = "App.Domain", "App.Domain\App.Domain.csproj", "{03651040-D64D-4090-BA61-D05FEDEC338F}"
EndProject
Project("{FAE04EC0-301F-11D3-BF4B-00C04F79EFBC}") = "Base.DAL.EF", "Base.DAL.EF\Base.DAL.EF.csproj", "{54DE3D6D-937C-44A7-8E3F-6E9DD2891660}"
EndProject
Project("{FAE04EC0-301F-11D3-BF4B-00C04F79EFBC}") = "Base.DAL.EF.Helpers", "Base.DAL.EF.Helpers\Base.DAL.EF.Helpers.csproj", "{DE974494-BAA2-4057-9FDA-61089F58D6A0}"
EndProject
Project("{FAE04EC0-301F-11D3-BF4B-00C04F79EFBC}") = "Base.DAL.EF.Exceptions", "Base.DAL.EF.Exceptions\Base.DAL.EF.Exceptions.csproj", "{B850954E-D09B-4EE6-B53F-09B414D1F9B0}"
EndProject
Project("{FAE04EC0-301F-11D3-BF4B-00C04F79EFBC}") = "Base.Contracts.DAL", "Base.Contracts.DAL\Base.Contracts.DAL.csproj", "{A8460A84-87EF-480A-A710-3EC27682D350}"
EndProject
Project("{FAE04EC0-301F-11D3-BF4B-00C04F79EFBC}") = "App.DAL.EF", "App.DAL.EF\App.DAL.EF.csproj", "{836A7F10-29F3-4B16-875E-8EEA4A9D1357}"
EndProject
Project("{FAE04EC0-301F-11D3-BF4B-00C04F79EFBC}") = "App.DAL.DTO", "App.DAL.DTO\App.DAL.DTO.csproj", "{302C3EB7-71C4-433E-ACC7-CCE76190EEB8}"
EndProject
Project("{2150E333-8FDC-42A3-9474-1A3956D46DE8}") = "App.Contracts", "App.Contracts", "{A8525ED1-BB2A-45E9-BF5F-8CA544EEBBF8}"
EndProject
Project("{FAE04EC0-301F-11D3-BF4B-00C04F79EFBC}") = "App.Contracts.DAL", "App.Contracts.DAL\App.Contracts.DAL.csproj", "{0CDE7FA0-97C8-4A12-8813-E1ADA1F04948}"
EndProject
Project("{FAE04EC0-301F-11D3-BF4B-00C04F79EFBC}") = "Base.Extensions", "Base.Extensions\Base.Extensions.csproj", "{7697A274-8615-4D4E-B9D0-B3F34D0DA5DF}"
EndProject
Project("{FAE04EC0-301F-11D3-BF4B-00C04F79EFBC}") = "Base.Extensions.Exceptions", "Base.Extensions.Exceptions\Base.Extensions.Exceptions.csproj", "{91662766-6899-4C8D-99F1-FE9B2D7CB7DA}"
EndProject
Project("{FAE04EC0-301F-11D3-BF4B-00C04F79EFBC}") = "Base.WebApp.Helpers", "Base.WebApp.Helpers\Base.WebApp.Helpers.csproj", "{BD61A40C-535D-4DD8-918A-410916ECFDAF}"
EndProject
Project("{FAE04EC0-301F-11D3-BF4B-00C04F79EFBC}") = "App.BLL.DTO", "App.BLL.DTO\App.BLL.DTO.csproj", "{1B264985-C2A4-4A1B-98BD-9E10A642C801}"
EndProject
Project("{FAE04EC0-301F-11D3-BF4B-00C04F79EFBC}") = "App.BLL", "App.BLL\App.BLL.csproj", "{BF1D82AE-4E17-45D1-9DD6-7003F1B51D8B}"
EndProject
Project("{FAE04EC0-301F-11D3-BF4B-00C04F79EFBC}") = "Base.BLL", "Base.BLL\Base.BLL.csproj", "{EC106E62-D075-4B1F-9778-B6445E659FA5}"
EndProject
Project("{FAE04EC0-301F-11D3-BF4B-00C04F79EFBC}") = "App.Contracts.BLL", "App.Contracts.BLL\App.Contracts.BLL.csproj", "{80DED926-B56C-4991-8B4B-3E7F681934C5}"
EndProject
Project("{FAE04EC0-301F-11D3-BF4B-00C04F79EFBC}") = "Base.Contracts.BLL", "Base.Contracts.BLL\Base.Contracts.BLL.csproj", "{41A91685-032C-4025-B58F-95F2A18F5992}"
EndProject
Project("{2150E333-8FDC-42A3-9474-1A3956D46DE8}") = "Api", "Api", "{C7ABCB35-1538-4CCB-88A8-5B76816D2A70}"
EndProject
Project("{FAE04EC0-301F-11D3-BF4B-00C04F79EFBC}") = "Api.DTO.v1", "Api.DTO.v1\Api.DTO.v1.csproj", "{CEC92ADB-DB27-49BB-AD32-94B8A23B0684}"
EndProject
Project("{FAE04EC0-301F-11D3-BF4B-00C04F79EFBC}") = "WebApp", "WebApp\WebApp.csproj", "{C7A2AED2-63E3-4C12-95DE-27D8A0B2484F}"
EndProject
Global
	GlobalSection(SolutionConfigurationPlatforms) = preSolution
		Debug|Any CPU = Debug|Any CPU
		Release|Any CPU = Release|Any CPU
	EndGlobalSection
	GlobalSection(ProjectConfigurationPlatforms) = postSolution
		{DEE20C84-8F4D-4C0E-9689-8BEE42947177}.Debug|Any CPU.ActiveCfg = Debug|Any CPU
		{DEE20C84-8F4D-4C0E-9689-8BEE42947177}.Debug|Any CPU.Build.0 = Debug|Any CPU
		{DEE20C84-8F4D-4C0E-9689-8BEE42947177}.Release|Any CPU.ActiveCfg = Release|Any CPU
		{DEE20C84-8F4D-4C0E-9689-8BEE42947177}.Release|Any CPU.Build.0 = Release|Any CPU
		{6201024F-DF95-4DDB-8058-B8A831D85F38}.Debug|Any CPU.ActiveCfg = Debug|Any CPU
		{6201024F-DF95-4DDB-8058-B8A831D85F38}.Debug|Any CPU.Build.0 = Debug|Any CPU
		{6201024F-DF95-4DDB-8058-B8A831D85F38}.Release|Any CPU.ActiveCfg = Release|Any CPU
		{6201024F-DF95-4DDB-8058-B8A831D85F38}.Release|Any CPU.Build.0 = Release|Any CPU
		{03651040-D64D-4090-BA61-D05FEDEC338F}.Debug|Any CPU.ActiveCfg = Debug|Any CPU
		{03651040-D64D-4090-BA61-D05FEDEC338F}.Debug|Any CPU.Build.0 = Debug|Any CPU
		{03651040-D64D-4090-BA61-D05FEDEC338F}.Release|Any CPU.ActiveCfg = Release|Any CPU
		{03651040-D64D-4090-BA61-D05FEDEC338F}.Release|Any CPU.Build.0 = Release|Any CPU
		{54DE3D6D-937C-44A7-8E3F-6E9DD2891660}.Debug|Any CPU.ActiveCfg = Debug|Any CPU
		{54DE3D6D-937C-44A7-8E3F-6E9DD2891660}.Debug|Any CPU.Build.0 = Debug|Any CPU
		{54DE3D6D-937C-44A7-8E3F-6E9DD2891660}.Release|Any CPU.ActiveCfg = Release|Any CPU
		{54DE3D6D-937C-44A7-8E3F-6E9DD2891660}.Release|Any CPU.Build.0 = Release|Any CPU
		{DE974494-BAA2-4057-9FDA-61089F58D6A0}.Debug|Any CPU.ActiveCfg = Debug|Any CPU
		{DE974494-BAA2-4057-9FDA-61089F58D6A0}.Debug|Any CPU.Build.0 = Debug|Any CPU
		{DE974494-BAA2-4057-9FDA-61089F58D6A0}.Release|Any CPU.ActiveCfg = Release|Any CPU
		{DE974494-BAA2-4057-9FDA-61089F58D6A0}.Release|Any CPU.Build.0 = Release|Any CPU
		{B850954E-D09B-4EE6-B53F-09B414D1F9B0}.Debug|Any CPU.ActiveCfg = Debug|Any CPU
		{B850954E-D09B-4EE6-B53F-09B414D1F9B0}.Debug|Any CPU.Build.0 = Debug|Any CPU
		{B850954E-D09B-4EE6-B53F-09B414D1F9B0}.Release|Any CPU.ActiveCfg = Release|Any CPU
		{B850954E-D09B-4EE6-B53F-09B414D1F9B0}.Release|Any CPU.Build.0 = Release|Any CPU
		{A8460A84-87EF-480A-A710-3EC27682D350}.Debug|Any CPU.ActiveCfg = Debug|Any CPU
		{A8460A84-87EF-480A-A710-3EC27682D350}.Debug|Any CPU.Build.0 = Debug|Any CPU
		{A8460A84-87EF-480A-A710-3EC27682D350}.Release|Any CPU.ActiveCfg = Release|Any CPU
		{A8460A84-87EF-480A-A710-3EC27682D350}.Release|Any CPU.Build.0 = Release|Any CPU
		{836A7F10-29F3-4B16-875E-8EEA4A9D1357}.Debug|Any CPU.ActiveCfg = Debug|Any CPU
		{836A7F10-29F3-4B16-875E-8EEA4A9D1357}.Debug|Any CPU.Build.0 = Debug|Any CPU
		{836A7F10-29F3-4B16-875E-8EEA4A9D1357}.Release|Any CPU.ActiveCfg = Release|Any CPU
		{836A7F10-29F3-4B16-875E-8EEA4A9D1357}.Release|Any CPU.Build.0 = Release|Any CPU
		{302C3EB7-71C4-433E-ACC7-CCE76190EEB8}.Debug|Any CPU.ActiveCfg = Debug|Any CPU
		{302C3EB7-71C4-433E-ACC7-CCE76190EEB8}.Debug|Any CPU.Build.0 = Debug|Any CPU
		{302C3EB7-71C4-433E-ACC7-CCE76190EEB8}.Release|Any CPU.ActiveCfg = Release|Any CPU
		{302C3EB7-71C4-433E-ACC7-CCE76190EEB8}.Release|Any CPU.Build.0 = Release|Any CPU
		{0CDE7FA0-97C8-4A12-8813-E1ADA1F04948}.Debug|Any CPU.ActiveCfg = Debug|Any CPU
		{0CDE7FA0-97C8-4A12-8813-E1ADA1F04948}.Debug|Any CPU.Build.0 = Debug|Any CPU
		{0CDE7FA0-97C8-4A12-8813-E1ADA1F04948}.Release|Any CPU.ActiveCfg = Release|Any CPU
		{0CDE7FA0-97C8-4A12-8813-E1ADA1F04948}.Release|Any CPU.Build.0 = Release|Any CPU
		{7697A274-8615-4D4E-B9D0-B3F34D0DA5DF}.Debug|Any CPU.ActiveCfg = Debug|Any CPU
		{7697A274-8615-4D4E-B9D0-B3F34D0DA5DF}.Debug|Any CPU.Build.0 = Debug|Any CPU
		{7697A274-8615-4D4E-B9D0-B3F34D0DA5DF}.Release|Any CPU.ActiveCfg = Release|Any CPU
		{7697A274-8615-4D4E-B9D0-B3F34D0DA5DF}.Release|Any CPU.Build.0 = Release|Any CPU
		{91662766-6899-4C8D-99F1-FE9B2D7CB7DA}.Debug|Any CPU.ActiveCfg = Debug|Any CPU
		{91662766-6899-4C8D-99F1-FE9B2D7CB7DA}.Debug|Any CPU.Build.0 = Debug|Any CPU
		{91662766-6899-4C8D-99F1-FE9B2D7CB7DA}.Release|Any CPU.ActiveCfg = Release|Any CPU
		{91662766-6899-4C8D-99F1-FE9B2D7CB7DA}.Release|Any CPU.Build.0 = Release|Any CPU
		{BD61A40C-535D-4DD8-918A-410916ECFDAF}.Debug|Any CPU.ActiveCfg = Debug|Any CPU
		{BD61A40C-535D-4DD8-918A-410916ECFDAF}.Debug|Any CPU.Build.0 = Debug|Any CPU
		{BD61A40C-535D-4DD8-918A-410916ECFDAF}.Release|Any CPU.ActiveCfg = Release|Any CPU
		{BD61A40C-535D-4DD8-918A-410916ECFDAF}.Release|Any CPU.Build.0 = Release|Any CPU
		{1B264985-C2A4-4A1B-98BD-9E10A642C801}.Debug|Any CPU.ActiveCfg = Debug|Any CPU
		{1B264985-C2A4-4A1B-98BD-9E10A642C801}.Debug|Any CPU.Build.0 = Debug|Any CPU
		{1B264985-C2A4-4A1B-98BD-9E10A642C801}.Release|Any CPU.ActiveCfg = Release|Any CPU
		{1B264985-C2A4-4A1B-98BD-9E10A642C801}.Release|Any CPU.Build.0 = Release|Any CPU
		{BF1D82AE-4E17-45D1-9DD6-7003F1B51D8B}.Debug|Any CPU.ActiveCfg = Debug|Any CPU
		{BF1D82AE-4E17-45D1-9DD6-7003F1B51D8B}.Debug|Any CPU.Build.0 = Debug|Any CPU
		{BF1D82AE-4E17-45D1-9DD6-7003F1B51D8B}.Release|Any CPU.ActiveCfg = Release|Any CPU
		{BF1D82AE-4E17-45D1-9DD6-7003F1B51D8B}.Release|Any CPU.Build.0 = Release|Any CPU
		{EC106E62-D075-4B1F-9778-B6445E659FA5}.Debug|Any CPU.ActiveCfg = Debug|Any CPU
		{EC106E62-D075-4B1F-9778-B6445E659FA5}.Debug|Any CPU.Build.0 = Debug|Any CPU
		{EC106E62-D075-4B1F-9778-B6445E659FA5}.Release|Any CPU.ActiveCfg = Release|Any CPU
		{EC106E62-D075-4B1F-9778-B6445E659FA5}.Release|Any CPU.Build.0 = Release|Any CPU
		{80DED926-B56C-4991-8B4B-3E7F681934C5}.Debug|Any CPU.ActiveCfg = Debug|Any CPU
		{80DED926-B56C-4991-8B4B-3E7F681934C5}.Debug|Any CPU.Build.0 = Debug|Any CPU
		{80DED926-B56C-4991-8B4B-3E7F681934C5}.Release|Any CPU.ActiveCfg = Release|Any CPU
		{80DED926-B56C-4991-8B4B-3E7F681934C5}.Release|Any CPU.Build.0 = Release|Any CPU
		{41A91685-032C-4025-B58F-95F2A18F5992}.Debug|Any CPU.ActiveCfg = Debug|Any CPU
		{41A91685-032C-4025-B58F-95F2A18F5992}.Debug|Any CPU.Build.0 = Debug|Any CPU
		{41A91685-032C-4025-B58F-95F2A18F5992}.Release|Any CPU.ActiveCfg = Release|Any CPU
		{41A91685-032C-4025-B58F-95F2A18F5992}.Release|Any CPU.Build.0 = Release|Any CPU
		{CEC92ADB-DB27-49BB-AD32-94B8A23B0684}.Debug|Any CPU.ActiveCfg = Debug|Any CPU
		{CEC92ADB-DB27-49BB-AD32-94B8A23B0684}.Debug|Any CPU.Build.0 = Debug|Any CPU
		{CEC92ADB-DB27-49BB-AD32-94B8A23B0684}.Release|Any CPU.ActiveCfg = Release|Any CPU
		{CEC92ADB-DB27-49BB-AD32-94B8A23B0684}.Release|Any CPU.Build.0 = Release|Any CPU
		{C7A2AED2-63E3-4C12-95DE-27D8A0B2484F}.Debug|Any CPU.ActiveCfg = Debug|Any CPU
		{C7A2AED2-63E3-4C12-95DE-27D8A0B2484F}.Debug|Any CPU.Build.0 = Debug|Any CPU
		{C7A2AED2-63E3-4C12-95DE-27D8A0B2484F}.Release|Any CPU.ActiveCfg = Release|Any CPU
		{C7A2AED2-63E3-4C12-95DE-27D8A0B2484F}.Release|Any CPU.Build.0 = Release|Any CPU
	EndGlobalSection
	GlobalSection(NestedProjects) = preSolution
		{6201024F-DF95-4DDB-8058-B8A831D85F38} = {70E57B0A-D695-4051-8995-67F4F9D276E8}
		{DEE20C84-8F4D-4C0E-9689-8BEE42947177} = {CBA093DB-F88B-4BF9-9578-D6C7E348639E}
		{03651040-D64D-4090-BA61-D05FEDEC338F} = {9662A7A4-6166-47CC-8269-F99ED108AECF}
		{54DE3D6D-937C-44A7-8E3F-6E9DD2891660} = {CBA093DB-F88B-4BF9-9578-D6C7E348639E}
		{DE974494-BAA2-4057-9FDA-61089F58D6A0} = {CBA093DB-F88B-4BF9-9578-D6C7E348639E}
		{B850954E-D09B-4EE6-B53F-09B414D1F9B0} = {CBA093DB-F88B-4BF9-9578-D6C7E348639E}
		{A8460A84-87EF-480A-A710-3EC27682D350} = {70E57B0A-D695-4051-8995-67F4F9D276E8}
		{836A7F10-29F3-4B16-875E-8EEA4A9D1357} = {9662A7A4-6166-47CC-8269-F99ED108AECF}
		{302C3EB7-71C4-433E-ACC7-CCE76190EEB8} = {9662A7A4-6166-47CC-8269-F99ED108AECF}
		{0CDE7FA0-97C8-4A12-8813-E1ADA1F04948} = {A8525ED1-BB2A-45E9-BF5F-8CA544EEBBF8}
		{7697A274-8615-4D4E-B9D0-B3F34D0DA5DF} = {CBA093DB-F88B-4BF9-9578-D6C7E348639E}
		{91662766-6899-4C8D-99F1-FE9B2D7CB7DA} = {CBA093DB-F88B-4BF9-9578-D6C7E348639E}
		{BD61A40C-535D-4DD8-918A-410916ECFDAF} = {CBA093DB-F88B-4BF9-9578-D6C7E348639E}
		{1B264985-C2A4-4A1B-98BD-9E10A642C801} = {9662A7A4-6166-47CC-8269-F99ED108AECF}
		{BF1D82AE-4E17-45D1-9DD6-7003F1B51D8B} = {9662A7A4-6166-47CC-8269-F99ED108AECF}
		{EC106E62-D075-4B1F-9778-B6445E659FA5} = {CBA093DB-F88B-4BF9-9578-D6C7E348639E}
		{80DED926-B56C-4991-8B4B-3E7F681934C5} = {A8525ED1-BB2A-45E9-BF5F-8CA544EEBBF8}
		{41A91685-032C-4025-B58F-95F2A18F5992} = {70E57B0A-D695-4051-8995-67F4F9D276E8}
		{CEC92ADB-DB27-49BB-AD32-94B8A23B0684} = {C7ABCB35-1538-4CCB-88A8-5B76816D2A70}
		{C7A2AED2-63E3-4C12-95DE-27D8A0B2484F} = {9662A7A4-6166-47CC-8269-F99ED108AECF}
	EndGlobalSection
EndGlobal
